// !$*UTF8*$!
{
	archiveVersion = 1;
	classes = {
	};
	objectVersion = 46;
	objects = {

/* Begin PBXBuildFile section */
		86957BA21BCC38F800F17483 /* AppDelegate.swift in Sources */ = {isa = PBXBuildFile; fileRef = 86957BA11BCC38F800F17483 /* AppDelegate.swift */; };
		86957BA41BCC38F800F17483 /* ViewController.swift in Sources */ = {isa = PBXBuildFile; fileRef = 86957BA31BCC38F800F17483 /* ViewController.swift */; };
		86957BA71BCC38F800F17483 /* Main.storyboard in Resources */ = {isa = PBXBuildFile; fileRef = 86957BA51BCC38F800F17483 /* Main.storyboard */; };
		86957BA91BCC38F800F17483 /* Assets.xcassets in Resources */ = {isa = PBXBuildFile; fileRef = 86957BA81BCC38F800F17483 /* Assets.xcassets */; };
		86957BAC1BCC38F800F17483 /* LaunchScreen.storyboard in Resources */ = {isa = PBXBuildFile; fileRef = 86957BAA1BCC38F800F17483 /* LaunchScreen.storyboard */; };
		86B930A81BCF13A700DF24A8 /* ysocket.swift in Sources */ = {isa = PBXBuildFile; fileRef = 86B930A31BCF13A700DF24A8 /* ysocket.swift */; };
		86B930A91BCF13A700DF24A8 /* ytcpsocket.c in Sources */ = {isa = PBXBuildFile; fileRef = 86B930A41BCF13A700DF24A8 /* ytcpsocket.c */; };
		86B930AA1BCF13A700DF24A8 /* ytcpsocket.swift in Sources */ = {isa = PBXBuildFile; fileRef = 86B930A51BCF13A700DF24A8 /* ytcpsocket.swift */; };
		86B930AB1BCF13A700DF24A8 /* yudpsocket.c in Sources */ = {isa = PBXBuildFile; fileRef = 86B930A61BCF13A700DF24A8 /* yudpsocket.c */; };
		86B930AC1BCF13A700DF24A8 /* yudpsocket.swift in Sources */ = {isa = PBXBuildFile; fileRef = 86B930A71BCF13A700DF24A8 /* yudpsocket.swift */; };
/* End PBXBuildFile section */

/* Begin PBXFileReference section */
		3B0650A6394AB59EBDA83E65 /* libPods-MyLamp.a */ = {isa = PBXFileReference; explicitFileType = archive.ar; includeInIndex = 0; path = "libPods-MyLamp.a"; sourceTree = BUILT_PRODUCTS_DIR; };
		86957B9E1BCC38F800F17483 /* MyLamp.app */ = {isa = PBXFileReference; explicitFileType = wrapper.application; includeInIndex = 0; path = MyLamp.app; sourceTree = BUILT_PRODUCTS_DIR; };
		86957BA11BCC38F800F17483 /* AppDelegate.swift */ = {isa = PBXFileReference; lastKnownFileType = sourcecode.swift; path = AppDelegate.swift; sourceTree = "<group>"; };
		86957BA31BCC38F800F17483 /* ViewController.swift */ = {isa = PBXFileReference; lastKnownFileType = sourcecode.swift; path = ViewController.swift; sourceTree = "<group>"; };
		86957BA61BCC38F800F17483 /* Base */ = {isa = PBXFileReference; lastKnownFileType = file.storyboard; name = Base; path = Base.lproj/Main.storyboard; sourceTree = "<group>"; };
		86957BA81BCC38F800F17483 /* Assets.xcassets */ = {isa = PBXFileReference; lastKnownFileType = folder.assetcatalog; path = Assets.xcassets; sourceTree = "<group>"; };
		86957BAB1BCC38F800F17483 /* Base */ = {isa = PBXFileReference; lastKnownFileType = file.storyboard; name = Base; path = Base.lproj/LaunchScreen.storyboard; sourceTree = "<group>"; };
		86957BAD1BCC38F800F17483 /* Info.plist */ = {isa = PBXFileReference; lastKnownFileType = text.plist.xml; path = Info.plist; sourceTree = "<group>"; };
		86B930A01BCF0EE900DF24A8 /* MyLamp-Bridging-Header.h */ = {isa = PBXFileReference; lastKnownFileType = sourcecode.c.h; path = "MyLamp-Bridging-Header.h"; sourceTree = "<group>"; };
		86B930A31BCF13A700DF24A8 /* ysocket.swift */ = {isa = PBXFileReference; fileEncoding = 4; lastKnownFileType = sourcecode.swift; path = ysocket.swift; sourceTree = "<group>"; };
		86B930A41BCF13A700DF24A8 /* ytcpsocket.c */ = {isa = PBXFileReference; fileEncoding = 4; lastKnownFileType = sourcecode.c.c; path = ytcpsocket.c; sourceTree = "<group>"; };
		86B930A51BCF13A700DF24A8 /* ytcpsocket.swift */ = {isa = PBXFileReference; fileEncoding = 4; lastKnownFileType = sourcecode.swift; path = ytcpsocket.swift; sourceTree = "<group>"; };
		86B930A61BCF13A700DF24A8 /* yudpsocket.c */ = {isa = PBXFileReference; fileEncoding = 4; lastKnownFileType = sourcecode.c.c; path = yudpsocket.c; sourceTree = "<group>"; };
		86B930A71BCF13A700DF24A8 /* yudpsocket.swift */ = {isa = PBXFileReference; fileEncoding = 4; lastKnownFileType = sourcecode.swift; path = yudpsocket.swift; sourceTree = "<group>"; };
		989B4E6988019BBBE1896182 /* Pods-MyLamp.debug.xcconfig */ = {isa = PBXFileReference; includeInIndex = 1; lastKnownFileType = text.xcconfig; name = "Pods-MyLamp.debug.xcconfig"; path = "Pods/Target Support Files/Pods-MyLamp/Pods-MyLamp.debug.xcconfig"; sourceTree = "<group>"; };
		B94D8129464F7FEAA1314E0E /* Pods-MyLamp.release.xcconfig */ = {isa = PBXFileReference; includeInIndex = 1; lastKnownFileType = text.xcconfig; name = "Pods-MyLamp.release.xcconfig"; path = "Pods/Target Support Files/Pods-MyLamp/Pods-MyLamp.release.xcconfig"; sourceTree = "<group>"; };
/* End PBXFileReference section */

/* Begin PBXFrameworksBuildPhase section */
		86957B9B1BCC38F800F17483 /* Frameworks */ = {
			isa = PBXFrameworksBuildPhase;
			buildActionMask = 2147483647;
			files = (
			);
			runOnlyForDeploymentPostprocessing = 0;
		};
/* End PBXFrameworksBuildPhase section */

/* Begin PBXGroup section */
		39E6F99203D6EC7D17A03E5D /* Pods */ = {
			isa = PBXGroup;
			children = (
				989B4E6988019BBBE1896182 /* Pods-MyLamp.debug.xcconfig */,
				B94D8129464F7FEAA1314E0E /* Pods-MyLamp.release.xcconfig */,
			);
			name = Pods;
			sourceTree = "<group>";
		};
		86957B951BCC38F800F17483 = {
			isa = PBXGroup;
			children = (
				86957BA01BCC38F800F17483 /* MyLamp */,
				86957B9F1BCC38F800F17483 /* Products */,
				39E6F99203D6EC7D17A03E5D /* Pods */,
				D081BB10E88D2A084460325B /* Frameworks */,
			);
			sourceTree = "<group>";
		};
		86957B9F1BCC38F800F17483 /* Products */ = {
			isa = PBXGroup;
			children = (
				86957B9E1BCC38F800F17483 /* MyLamp.app */,
			);
			name = Products;
			sourceTree = "<group>";
		};
		86957BA01BCC38F800F17483 /* MyLamp */ = {
			isa = PBXGroup;
			children = (
				86957BA11BCC38F800F17483 /* AppDelegate.swift */,
				86957BA31BCC38F800F17483 /* ViewController.swift */,
				86957BA51BCC38F800F17483 /* Main.storyboard */,
				86957BA81BCC38F800F17483 /* Assets.xcassets */,
				86957BAA1BCC38F800F17483 /* LaunchScreen.storyboard */,
				86957BAD1BCC38F800F17483 /* Info.plist */,
				86B930A01BCF0EE900DF24A8 /* MyLamp-Bridging-Header.h */,
				86B930AD1BCF13AF00DF24A8 /* SwiftSocket */,
			);
			path = MyLamp;
			sourceTree = "<group>";
		};
		86B930AD1BCF13AF00DF24A8 /* SwiftSocket */ = {
			isa = PBXGroup;
			children = (
				86B930A31BCF13A700DF24A8 /* ysocket.swift */,
				86B930A41BCF13A700DF24A8 /* ytcpsocket.c */,
				86B930A51BCF13A700DF24A8 /* ytcpsocket.swift */,
				86B930A61BCF13A700DF24A8 /* yudpsocket.c */,
				86B930A71BCF13A700DF24A8 /* yudpsocket.swift */,
			);
			name = SwiftSocket;
			sourceTree = "<group>";
		};
		D081BB10E88D2A084460325B /* Frameworks */ = {
			isa = PBXGroup;
			children = (
				3B0650A6394AB59EBDA83E65 /* libPods-MyLamp.a */,
			);
			name = Frameworks;
			sourceTree = "<group>";
		};
/* End PBXGroup section */

/* Begin PBXNativeTarget section */
		86957B9D1BCC38F800F17483 /* MyLamp */ = {
			isa = PBXNativeTarget;
			buildConfigurationList = 86957BB01BCC38F800F17483 /* Build configuration list for PBXNativeTarget "MyLamp" */;
			buildPhases = (
				76343AB1A527B940A90DF49D /* Check Pods Manifest.lock */,
				86957B9A1BCC38F800F17483 /* Sources */,
				86957B9B1BCC38F800F17483 /* Frameworks */,
				86957B9C1BCC38F800F17483 /* Resources */,
				80F3726343B5DBD42597D549 /* Copy Pods Resources */,
			);
			buildRules = (
			);
			dependencies = (
			);
			name = MyLamp;
			productName = MyLamp;
			productReference = 86957B9E1BCC38F800F17483 /* MyLamp.app */;
			productType = "com.apple.product-type.application";
		};
/* End PBXNativeTarget section */

/* Begin PBXProject section */
		86957B961BCC38F800F17483 /* Project object */ = {
			isa = PBXProject;
			attributes = {
				LastSwiftUpdateCheck = 0700;
				LastUpgradeCheck = 0700;
				ORGANIZATIONNAME = "Larissa Cavalcante";
				TargetAttributes = {
					86957B9D1BCC38F800F17483 = {
						CreatedOnToolsVersion = 7.0;
						DevelopmentTeam = KF2KVXY9S6;
					};
				};
			};
			buildConfigurationList = 86957B991BCC38F800F17483 /* Build configuration list for PBXProject "MyLamp" */;
			compatibilityVersion = "Xcode 3.2";
			developmentRegion = English;
			hasScannedForEncodings = 0;
			knownRegions = (
				en,
				Base,
			);
			mainGroup = 86957B951BCC38F800F17483;
			productRefGroup = 86957B9F1BCC38F800F17483 /* Products */;
			projectDirPath = "";
			projectRoot = "";
			targets = (
				86957B9D1BCC38F800F17483 /* MyLamp */,
			);
		};
/* End PBXProject section */

/* Begin PBXResourcesBuildPhase section */
		86957B9C1BCC38F800F17483 /* Resources */ = {
			isa = PBXResourcesBuildPhase;
			buildActionMask = 2147483647;
			files = (
				86957BAC1BCC38F800F17483 /* LaunchScreen.storyboard in Resources */,
				86957BA91BCC38F800F17483 /* Assets.xcassets in Resources */,
				86957BA71BCC38F800F17483 /* Main.storyboard in Resources */,
			);
			runOnlyForDeploymentPostprocessing = 0;
		};
/* End PBXResourcesBuildPhase section */

/* Begin PBXShellScriptBuildPhase section */
		76343AB1A527B940A90DF49D /* Check Pods Manifest.lock */ = {
			isa = PBXShellScriptBuildPhase;
			buildActionMask = 2147483647;
			files = (
			);
			inputPaths = (
			);
			name = "Check Pods Manifest.lock";
			outputPaths = (
			);
			runOnlyForDeploymentPostprocessing = 0;
			shellPath = /bin/sh;
			shellScript = "";
			showEnvVarsInLog = 0;
		};
		80F3726343B5DBD42597D549 /* Copy Pods Resources */ = {
			isa = PBXShellScriptBuildPhase;
			buildActionMask = 2147483647;
			files = (
			);
			inputPaths = (
			);
			name = "Copy Pods Resources";
			outputPaths = (
			);
			runOnlyForDeploymentPostprocessing = 0;
			shellPath = /bin/sh;
			shellScript = "
";
			showEnvVarsInLog = 0;
		};
/* End PBXShellScriptBuildPhase section */

/* Begin PBXSourcesBuildPhase section */
		86957B9A1BCC38F800F17483 /* Sources */ = {
			isa = PBXSourcesBuildPhase;
			buildActionMask = 2147483647;
			files = (
				86B930A81BCF13A700DF24A8 /* ysocket.swift in Sources */,
				86957BA41BCC38F800F17483 /* ViewController.swift in Sources */,
				86B930AB1BCF13A700DF24A8 /* yudpsocket.c in Sources */,
				86B930A91BCF13A700DF24A8 /* ytcpsocket.c in Sources */,
				86957BA21BCC38F800F17483 /* AppDelegate.swift in Sources */,
				86B930AA1BCF13A700DF24A8 /* ytcpsocket.swift in Sources */,
				86B930AC1BCF13A700DF24A8 /* yudpsocket.swift in Sources */,
			);
			runOnlyForDeploymentPostprocessing = 0;
		};
/* End PBXSourcesBuildPhase section */

/* Begin PBXVariantGroup section */
		86957BA51BCC38F800F17483 /* Main.storyboard */ = {
			isa = PBXVariantGroup;
			children = (
				86957BA61BCC38F800F17483 /* Base */,
			);
			name = Main.storyboard;
			sourceTree = "<group>";
		};
		86957BAA1BCC38F800F17483 /* LaunchScreen.storyboard */ = {
			isa = PBXVariantGroup;
			children = (
				86957BAB1BCC38F800F17483 /* Base */,
			);
			name = LaunchScreen.storyboard;
			sourceTree = "<group>";
		};
/* End PBXVariantGroup section */

/* Begin XCBuildConfiguration section */
		86957BAE1BCC38F800F17483 /* Debug */ = {
			isa = XCBuildConfiguration;
			buildSettings = {
				ALWAYS_SEARCH_USER_PATHS = NO;
				CLANG_CXX_LANGUAGE_STANDARD = "gnu++0x";
				CLANG_CXX_LIBRARY = "libc++";
				CLANG_ENABLE_MODULES = YES;
				CLANG_ENABLE_OBJC_ARC = YES;
				CLANG_WARN_BOOL_CONVERSION = YES;
				CLANG_WARN_CONSTANT_CONVERSION = YES;
				CLANG_WARN_DIRECT_OBJC_ISA_USAGE = YES_ERROR;
				CLANG_WARN_EMPTY_BODY = YES;
				CLANG_WARN_ENUM_CONVERSION = YES;
				CLANG_WARN_INT_CONVERSION = YES;
				CLANG_WARN_OBJC_ROOT_CLASS = YES_ERROR;
				CLANG_WARN_UNREACHABLE_CODE = YES;
				CLANG_WARN__DUPLICATE_METHOD_MATCH = YES;
				"CODE_SIGN_IDENTITY[sdk=iphoneos*]" = "iPhone Developer";
				COPY_PHASE_STRIP = NO;
				DEBUG_INFORMATION_FORMAT = dwarf;
				ENABLE_STRICT_OBJC_MSGSEND = YES;
				ENABLE_TESTABILITY = YES;
				GCC_C_LANGUAGE_STANDARD = gnu99;
				GCC_DYNAMIC_NO_PIC = NO;
				GCC_NO_COMMON_BLOCKS = YES;
				GCC_OPTIMIZATION_LEVEL = 0;
				GCC_PREPROCESSOR_DEFINITIONS = (
					"DEBUG=1",
					"$(inherited)",
				);
				GCC_WARN_64_TO_32_BIT_CONVERSION = YES;
				GCC_WARN_ABOUT_RETURN_TYPE = YES_ERROR;
				GCC_WARN_UNDECLARED_SELECTOR = YES;
				GCC_WARN_UNINITIALIZED_AUTOS = YES_AGGRESSIVE;
				GCC_WARN_UNUSED_FUNCTION = YES;
				GCC_WARN_UNUSED_VARIABLE = YES;
				IPHONEOS_DEPLOYMENT_TARGET = 9.0;
				MTL_ENABLE_DEBUG_INFO = YES;
				ONLY_ACTIVE_ARCH = YES;
				SDKROOT = iphoneos;
				SWIFT_OPTIMIZATION_LEVEL = "-Onone";
				TARGETED_DEVICE_FAMILY = "1,2";
			};
			name = Debug;
		};
		86957BAF1BCC38F800F17483 /* Release */ = {
			isa = XCBuildConfiguration;
			buildSettings = {
				ALWAYS_SEARCH_USER_PATHS = NO;
				CLANG_CXX_LANGUAGE_STANDARD = "gnu++0x";
				CLANG_CXX_LIBRARY = "libc++";
				CLANG_ENABLE_MODULES = YES;
				CLANG_ENABLE_OBJC_ARC = YES;
				CLANG_WARN_BOOL_CONVERSION = YES;
				CLANG_WARN_CONSTANT_CONVERSION = YES;
				CLANG_WARN_DIRECT_OBJC_ISA_USAGE = YES_ERROR;
				CLANG_WARN_EMPTY_BODY = YES;
				CLANG_WARN_ENUM_CONVERSION = YES;
				CLANG_WARN_INT_CONVERSION = YES;
				CLANG_WARN_OBJC_ROOT_CLASS = YES_ERROR;
				CLANG_WARN_UNREACHABLE_CODE = YES;
				CLANG_WARN__DUPLICATE_METHOD_MATCH = YES;
				"CODE_SIGN_IDENTITY[sdk=iphoneos*]" = "iPhone Developer";
				COPY_PHASE_STRIP = NO;
				DEBUG_INFORMATION_FORMAT = "dwarf-with-dsym";
				ENABLE_NS_ASSERTIONS = NO;
				ENABLE_STRICT_OBJC_MSGSEND = YES;
				GCC_C_LANGUAGE_STANDARD = gnu99;
				GCC_NO_COMMON_BLOCKS = YES;
				GCC_WARN_64_TO_32_BIT_CONVERSION = YES;
				GCC_WARN_ABOUT_RETURN_TYPE = YES_ERROR;
				GCC_WARN_UNDECLARED_SELECTOR = YES;
				GCC_WARN_UNINITIALIZED_AUTOS = YES_AGGRESSIVE;
				GCC_WARN_UNUSED_FUNCTION = YES;
				GCC_WARN_UNUSED_VARIABLE = YES;
				IPHONEOS_DEPLOYMENT_TARGET = 9.0;
				MTL_ENABLE_DEBUG_INFO = NO;
				SDKROOT = iphoneos;
				TARGETED_DEVICE_FAMILY = "1,2";
				VALIDATE_PRODUCT = YES;
			};
			name = Release;
		};
		86957BB11BCC38F800F17483 /* Debug */ = {
			isa = XCBuildConfiguration;
			buildSettings = {
				ASSETCATALOG_COMPILER_APPICON_NAME = AppIcon;
				CLANG_ENABLE_MODULES = YES;
				CODE_SIGN_IDENTITY = "iPhone Developer";
				INFOPLIST_FILE = MyLamp/Info.plist;
				LD_RUNPATH_SEARCH_PATHS = "$(inherited) @executable_path/Frameworks";
				PRODUCT_BUNDLE_IDENTIFIER = LarissaCavalcante.MyLamp;
				PRODUCT_NAME = "$(TARGET_NAME)";
				SWIFT_OBJC_BRIDGING_HEADER = "MyLamp/MyLamp-Bridging-Header.h";
				SWIFT_OPTIMIZATION_LEVEL = "-Onone";
			};
			name = Debug;
		};
		86957BB21BCC38F800F17483 /* Release */ = {
			isa = XCBuildConfiguration;
			buildSettings = {
				ASSETCATALOG_COMPILER_APPICON_NAME = AppIcon;
				CLANG_ENABLE_MODULES = YES;
				CODE_SIGN_IDENTITY = "iPhone Developer";
				INFOPLIST_FILE = MyLamp/Info.plist;
				LD_RUNPATH_SEARCH_PATHS = "$(inherited) @executable_path/Frameworks";
				PRODUCT_BUNDLE_IDENTIFIER = LarissaCavalcante.MyLamp;
				PRODUCT_NAME = "$(TARGET_NAME)";
				SWIFT_OBJC_BRIDGING_HEADER = "MyLamp/MyLamp-Bridging-Header.h";
			};
			name = Release;
		};
/* End XCBuildConfiguration section */

/* Begin XCConfigurationList section */
		86957B991BCC38F800F17483 /* Build configuration list for PBXProject "MyLamp" */ = {
			isa = XCConfigurationList;
			buildConfigurations = (
				86957BAE1BCC38F800F17483 /* Debug */,
				86957BAF1BCC38F800F17483 /* Release */,
			);
			defaultConfigurationIsVisible = 0;
			defaultConfigurationName = Release;
		};
		86957BB01BCC38F800F17483 /* Build configuration list for PBXNativeTarget "MyLamp" */ = {
			isa = XCConfigurationList;
			buildConfigurations = (
				86957BB11BCC38F800F17483 /* Debug */,
				86957BB21BCC38F800F17483 /* Release */,
			);
			defaultConfigurationIsVisible = 0;
			defaultConfigurationName = Release;
		};
/* End XCConfigurationList section */
	};
	rootObject = 86957B961BCC38F800F17483 /* Project object */;
}
